// !$*UTF8*$!
{
	archiveVersion = 1;
	classes = {
	};
	objectVersion = 56;
	objects = {

/* Begin PBXBuildFile section */
		8413BF042AD2D5F3008DC7A9 /* ProgressHUD in Frameworks */ = {isa = PBXBuildFile; productRef = 8413BF032AD2D5F3008DC7A9 /* ProgressHUD */; };
		843F5CF12ADED95900D5BE50 /* ProfileResult.swift in Sources */ = {isa = PBXBuildFile; fileRef = 843F5CF02ADED95900D5BE50 /* ProfileResult.swift */; };
		843F5CF32ADED99200D5BE50 /* Profile.swift in Sources */ = {isa = PBXBuildFile; fileRef = 843F5CF22ADED99200D5BE50 /* Profile.swift */; };
		843F5CF62ADF713500D5BE50 /* ProfileImageService.swift in Sources */ = {isa = PBXBuildFile; fileRef = 843F5CF52ADF713500D5BE50 /* ProfileImageService.swift */; };
		843F5CF82ADF7A4500D5BE50 /* NetworkErrorChek.swift in Sources */ = {isa = PBXBuildFile; fileRef = 843F5CF72ADF7A4500D5BE50 /* NetworkErrorChek.swift */; };
		843F9D622AE0CB74001C58F3 /* URLSessionExtension.swift in Sources */ = {isa = PBXBuildFile; fileRef = 843F9D612AE0CB74001C58F3 /* URLSessionExtension.swift */; };
		843F9D652AE16BDB001C58F3 /* Kingfisher in Frameworks */ = {isa = PBXBuildFile; productRef = 843F9D642AE16BDB001C58F3 /* Kingfisher */; };
		843F9D682AE1787D001C58F3 /* SwiftKeychainWrapper in Frameworks */ = {isa = PBXBuildFile; productRef = 843F9D672AE1787D001C58F3 /* SwiftKeychainWrapper */; };
		843F9D6B2AE17E15001C58F3 /* TabBarController.swift in Sources */ = {isa = PBXBuildFile; fileRef = 843F9D6A2AE17E15001C58F3 /* TabBarController.swift */; };
		844A82AA2A99FB9E0047778E /* AppDelegate.swift in Sources */ = {isa = PBXBuildFile; fileRef = 844A82A92A99FB9E0047778E /* AppDelegate.swift */; };
		844A82AC2A99FB9E0047778E /* SceneDelegate.swift in Sources */ = {isa = PBXBuildFile; fileRef = 844A82AB2A99FB9E0047778E /* SceneDelegate.swift */; };
		844A82AE2A99FB9E0047778E /* ImagesListViewController.swift in Sources */ = {isa = PBXBuildFile; fileRef = 844A82AD2A99FB9E0047778E /* ImagesListViewController.swift */; };
		844A82B12A99FB9E0047778E /* Main.storyboard in Resources */ = {isa = PBXBuildFile; fileRef = 844A82AF2A99FB9E0047778E /* Main.storyboard */; };
		844A82B32A99FB9F0047778E /* Assets.xcassets in Resources */ = {isa = PBXBuildFile; fileRef = 844A82B22A99FB9F0047778E /* Assets.xcassets */; };
		844A82B62A99FB9F0047778E /* LaunchScreen.storyboard in Resources */ = {isa = PBXBuildFile; fileRef = 844A82B42A99FB9F0047778E /* LaunchScreen.storyboard */; };
		844A82DE2A9DBC040047778E /* ImagesListCell.swift in Sources */ = {isa = PBXBuildFile; fileRef = 844A82DD2A9DBC040047778E /* ImagesListCell.swift */; };
		8485D8892ADD7C260097FFED /* ProfileService.swift in Sources */ = {isa = PBXBuildFile; fileRef = 8485D8882ADD7C260097FFED /* ProfileService.swift */; };
		84B39AFE2AB2B741008DD303 /* ProfileViewController.swift in Sources */ = {isa = PBXBuildFile; fileRef = 84B39AFD2AB2B741008DD303 /* ProfileViewController.swift */; };
		84B3C6842ACF09EE00D5EC94 /* NetworkError.swift in Sources */ = {isa = PBXBuildFile; fileRef = 84B3C6832ACF09EE00D5EC94 /* NetworkError.swift */; };
		84C2EFB72AC336AE000C5420 /* UIColorExtensions.swift in Sources */ = {isa = PBXBuildFile; fileRef = 84C2EFB62AC336AE000C5420 /* UIColorExtensions.swift */; };
		84C6F53F2ABB4CCB00614923 /* SingleImageViewController.swift in Sources */ = {isa = PBXBuildFile; fileRef = 84C6F53E2ABB4CCB00614923 /* SingleImageViewController.swift */; };
		84D9D03D2ACDC7C200BB556A /* OAuth2TokenStorage.swift in Sources */ = {isa = PBXBuildFile; fileRef = 84D9D03C2ACDC7C200BB556A /* OAuth2TokenStorage.swift */; };
		84D9D03F2ACDCB2900BB556A /* OAuth2Service.swift in Sources */ = {isa = PBXBuildFile; fileRef = 84D9D03E2ACDCB2900BB556A /* OAuth2Service.swift */; };
		84D9D0432ACDD45600BB556A /* SplashViewController.swift in Sources */ = {isa = PBXBuildFile; fileRef = 84D9D0422ACDD45600BB556A /* SplashViewController.swift */; };
		84D9D0452ACDDA4A00BB556A /* AuthViewControllerDelegate.swift in Sources */ = {isa = PBXBuildFile; fileRef = 84D9D0442ACDDA4A00BB556A /* AuthViewControllerDelegate.swift */; };
		84F308F02AC9952C00FBE579 /* Constants.swift in Sources */ = {isa = PBXBuildFile; fileRef = 84F308EF2AC9952C00FBE579 /* Constants.swift */; };
		84F308F22AC9AD9900FBE579 /* AuthViewController.swift in Sources */ = {isa = PBXBuildFile; fileRef = 84F308F12AC9AD9900FBE579 /* AuthViewController.swift */; };
		84F308F52AC9AEC400FBE579 /* WebViewViewController.swift in Sources */ = {isa = PBXBuildFile; fileRef = 84F308F42AC9AEC400FBE579 /* WebViewViewController.swift */; };
		84F308F92ACB265600FBE579 /* WebViewViewControllerDelegateProtocol.swift in Sources */ = {isa = PBXBuildFile; fileRef = 84F308F82ACB265600FBE579 /* WebViewViewControllerDelegateProtocol.swift */; };
		84F71B692ADC044300A76482 /* UIBlockingProgressHUD.swift in Sources */ = {isa = PBXBuildFile; fileRef = 84F71B682ADC044300A76482 /* UIBlockingProgressHUD.swift */; };
/* End PBXBuildFile section */

/* Begin PBXFileReference section */
		843F5CF02ADED95900D5BE50 /* ProfileResult.swift */ = {isa = PBXFileReference; lastKnownFileType = sourcecode.swift; path = ProfileResult.swift; sourceTree = "<group>"; };
		843F5CF22ADED99200D5BE50 /* Profile.swift */ = {isa = PBXFileReference; lastKnownFileType = sourcecode.swift; path = Profile.swift; sourceTree = "<group>"; };
		843F5CF52ADF713500D5BE50 /* ProfileImageService.swift */ = {isa = PBXFileReference; lastKnownFileType = sourcecode.swift; path = ProfileImageService.swift; sourceTree = "<group>"; };
		843F5CF72ADF7A4500D5BE50 /* NetworkErrorChek.swift */ = {isa = PBXFileReference; lastKnownFileType = sourcecode.swift; path = NetworkErrorChek.swift; sourceTree = "<group>"; };
		843F9D612AE0CB74001C58F3 /* URLSessionExtension.swift */ = {isa = PBXFileReference; lastKnownFileType = sourcecode.swift; path = URLSessionExtension.swift; sourceTree = "<group>"; };
		843F9D6A2AE17E15001C58F3 /* TabBarController.swift */ = {isa = PBXFileReference; lastKnownFileType = sourcecode.swift; path = TabBarController.swift; sourceTree = "<group>"; };
		844A82A62A99FB9E0047778E /* ImageFeedYandexPracticum.app */ = {isa = PBXFileReference; explicitFileType = wrapper.application; includeInIndex = 0; path = ImageFeedYandexPracticum.app; sourceTree = BUILT_PRODUCTS_DIR; };
		844A82A92A99FB9E0047778E /* AppDelegate.swift */ = {isa = PBXFileReference; lastKnownFileType = sourcecode.swift; path = AppDelegate.swift; sourceTree = "<group>"; };
		844A82AB2A99FB9E0047778E /* SceneDelegate.swift */ = {isa = PBXFileReference; lastKnownFileType = sourcecode.swift; path = SceneDelegate.swift; sourceTree = "<group>"; };
		844A82AD2A99FB9E0047778E /* ImagesListViewController.swift */ = {isa = PBXFileReference; lastKnownFileType = sourcecode.swift; path = ImagesListViewController.swift; sourceTree = "<group>"; };
		844A82B02A99FB9E0047778E /* Base */ = {isa = PBXFileReference; lastKnownFileType = file.storyboard; name = Base; path = Base.lproj/Main.storyboard; sourceTree = "<group>"; };
		844A82B22A99FB9F0047778E /* Assets.xcassets */ = {isa = PBXFileReference; lastKnownFileType = folder.assetcatalog; path = Assets.xcassets; sourceTree = "<group>"; };
		844A82B52A99FB9F0047778E /* Base */ = {isa = PBXFileReference; lastKnownFileType = file.storyboard; name = Base; path = Base.lproj/LaunchScreen.storyboard; sourceTree = "<group>"; };
		844A82B72A99FB9F0047778E /* Info.plist */ = {isa = PBXFileReference; lastKnownFileType = text.plist.xml; path = Info.plist; sourceTree = "<group>"; };
		844A82DD2A9DBC040047778E /* ImagesListCell.swift */ = {isa = PBXFileReference; lastKnownFileType = sourcecode.swift; path = ImagesListCell.swift; sourceTree = "<group>"; };
		8485D8882ADD7C260097FFED /* ProfileService.swift */ = {isa = PBXFileReference; lastKnownFileType = sourcecode.swift; path = ProfileService.swift; sourceTree = "<group>"; };
		84B39AFD2AB2B741008DD303 /* ProfileViewController.swift */ = {isa = PBXFileReference; lastKnownFileType = sourcecode.swift; path = ProfileViewController.swift; sourceTree = "<group>"; };
		84B3C6832ACF09EE00D5EC94 /* NetworkError.swift */ = {isa = PBXFileReference; lastKnownFileType = sourcecode.swift; path = NetworkError.swift; sourceTree = "<group>"; };
		84C2EFB62AC336AE000C5420 /* UIColorExtensions.swift */ = {isa = PBXFileReference; lastKnownFileType = sourcecode.swift; path = UIColorExtensions.swift; sourceTree = "<group>"; };
		84C6F53E2ABB4CCB00614923 /* SingleImageViewController.swift */ = {isa = PBXFileReference; lastKnownFileType = sourcecode.swift; path = SingleImageViewController.swift; sourceTree = "<group>"; };
		84D9D03C2ACDC7C200BB556A /* OAuth2TokenStorage.swift */ = {isa = PBXFileReference; lastKnownFileType = sourcecode.swift; path = OAuth2TokenStorage.swift; sourceTree = "<group>"; };
		84D9D03E2ACDCB2900BB556A /* OAuth2Service.swift */ = {isa = PBXFileReference; lastKnownFileType = sourcecode.swift; path = OAuth2Service.swift; sourceTree = "<group>"; };
		84D9D0422ACDD45600BB556A /* SplashViewController.swift */ = {isa = PBXFileReference; lastKnownFileType = sourcecode.swift; path = SplashViewController.swift; sourceTree = "<group>"; };
		84D9D0442ACDDA4A00BB556A /* AuthViewControllerDelegate.swift */ = {isa = PBXFileReference; lastKnownFileType = sourcecode.swift; path = AuthViewControllerDelegate.swift; sourceTree = "<group>"; };
		84F308EF2AC9952C00FBE579 /* Constants.swift */ = {isa = PBXFileReference; lastKnownFileType = sourcecode.swift; path = Constants.swift; sourceTree = "<group>"; };
		84F308F12AC9AD9900FBE579 /* AuthViewController.swift */ = {isa = PBXFileReference; lastKnownFileType = sourcecode.swift; path = AuthViewController.swift; sourceTree = "<group>"; };
		84F308F42AC9AEC400FBE579 /* WebViewViewController.swift */ = {isa = PBXFileReference; lastKnownFileType = sourcecode.swift; path = WebViewViewController.swift; sourceTree = "<group>"; };
		84F308F82ACB265600FBE579 /* WebViewViewControllerDelegateProtocol.swift */ = {isa = PBXFileReference; lastKnownFileType = sourcecode.swift; path = WebViewViewControllerDelegateProtocol.swift; sourceTree = "<group>"; };
		84F71B682ADC044300A76482 /* UIBlockingProgressHUD.swift */ = {isa = PBXFileReference; lastKnownFileType = sourcecode.swift; path = UIBlockingProgressHUD.swift; sourceTree = "<group>"; };
/* End PBXFileReference section */

/* Begin PBXFrameworksBuildPhase section */
		844A82A32A99FB9E0047778E /* Frameworks */ = {
			isa = PBXFrameworksBuildPhase;
			buildActionMask = 2147483647;
			files = (
				843F9D652AE16BDB001C58F3 /* Kingfisher in Frameworks */,
				8413BF042AD2D5F3008DC7A9 /* ProgressHUD in Frameworks */,
				843F9D682AE1787D001C58F3 /* SwiftKeychainWrapper in Frameworks */,
			);
			runOnlyForDeploymentPostprocessing = 0;
		};
/* End PBXFrameworksBuildPhase section */

/* Begin PBXGroup section */
		843F5CF42ADF70FC00D5BE50 /* ProfileImageService */ = {
			isa = PBXGroup;
			children = (
				843F5CF52ADF713500D5BE50 /* ProfileImageService.swift */,
			);
			path = ProfileImageService;
			sourceTree = "<group>";
		};
		843F9D692AE17DF0001C58F3 /* TabBar */ = {
			isa = PBXGroup;
			children = (
				843F9D6A2AE17E15001C58F3 /* TabBarController.swift */,
			);
			path = TabBar;
			sourceTree = "<group>";
		};
		8444D5BC2ABECBA8005BE3FB /* SingleImage */ = {
			isa = PBXGroup;
			children = (
				84C6F53E2ABB4CCB00614923 /* SingleImageViewController.swift */,
			);
			path = SingleImage;
			sourceTree = "<group>";
		};
		844A829D2A99FB9E0047778E = {
			isa = PBXGroup;
			children = (
				844A82A82A99FB9E0047778E /* ImageFeedYandexPracticum */,
				844A82A72A99FB9E0047778E /* Products */,
			);
			sourceTree = "<group>";
		};
		844A82A72A99FB9E0047778E /* Products */ = {
			isa = PBXGroup;
			children = (
				844A82A62A99FB9E0047778E /* ImageFeedYandexPracticum.app */,
			);
			name = Products;
			sourceTree = "<group>";
		};
		844A82A82A99FB9E0047778E /* ImageFeedYandexPracticum */ = {
			isa = PBXGroup;
			children = (
				844A82A92A99FB9E0047778E /* AppDelegate.swift */,
				844A82AB2A99FB9E0047778E /* SceneDelegate.swift */,
				843F9D692AE17DF0001C58F3 /* TabBar */,
				84C2EFB52AC3366E000C5420 /* Halper */,
				8485D8872ADD7BFE0097FFED /* ProfileService */,
				843F5CF42ADF70FC00D5BE50 /* ProfileImageService */,
				84D9D0402ACDD24200BB556A /* AccessService */,
				84F308F32AC9ADC200FBE579 /* Auth */,
				84D9D0412ACDD42900BB556A /* SplashView */,
				844A82DF2A9DBC460047778E /* ImagesList */,
				84B39AFC2AB2B71A008DD303 /* Profile */,
				8444D5BC2ABECBA8005BE3FB /* SingleImage */,
				844A82AF2A99FB9E0047778E /* Main.storyboard */,
				844A82B22A99FB9F0047778E /* Assets.xcassets */,
				844A82B42A99FB9F0047778E /* LaunchScreen.storyboard */,
				844A82B72A99FB9F0047778E /* Info.plist */,
			);
			path = ImageFeedYandexPracticum;
			sourceTree = "<group>";
		};
		844A82DF2A9DBC460047778E /* ImagesList */ = {
			isa = PBXGroup;
			children = (
				844A82AD2A99FB9E0047778E /* ImagesListViewController.swift */,
				844A82DD2A9DBC040047778E /* ImagesListCell.swift */,
			);
			path = ImagesList;
			sourceTree = "<group>";
		};
		8485D8872ADD7BFE0097FFED /* ProfileService */ = {
			isa = PBXGroup;
			children = (
				8485D8882ADD7C260097FFED /* ProfileService.swift */,
				843F5CF02ADED95900D5BE50 /* ProfileResult.swift */,
				843F5CF22ADED99200D5BE50 /* Profile.swift */,
			);
			path = ProfileService;
			sourceTree = "<group>";
		};
		84B39AFC2AB2B71A008DD303 /* Profile */ = {
			isa = PBXGroup;
			children = (
				84B39AFD2AB2B741008DD303 /* ProfileViewController.swift */,
			);
			path = Profile;
			sourceTree = "<group>";
		};
		84C2EFB52AC3366E000C5420 /* Halper */ = {
			isa = PBXGroup;
			children = (
				84C2EFB62AC336AE000C5420 /* UIColorExtensions.swift */,
				84F308EF2AC9952C00FBE579 /* Constants.swift */,
				84F71B682ADC044300A76482 /* UIBlockingProgressHUD.swift */,
				843F5CF72ADF7A4500D5BE50 /* NetworkErrorChek.swift */,
				84B3C6832ACF09EE00D5EC94 /* NetworkError.swift */,
				843F9D612AE0CB74001C58F3 /* URLSessionExtension.swift */,
			);
			path = Halper;
			sourceTree = "<group>";
		};
		84D9D0402ACDD24200BB556A /* AccessService */ = {
			isa = PBXGroup;
			children = (
				84D9D03C2ACDC7C200BB556A /* OAuth2TokenStorage.swift */,
				84D9D03E2ACDCB2900BB556A /* OAuth2Service.swift */,
			);
			path = AccessService;
			sourceTree = "<group>";
		};
		84D9D0412ACDD42900BB556A /* SplashView */ = {
			isa = PBXGroup;
			children = (
				84D9D0422ACDD45600BB556A /* SplashViewController.swift */,
			);
			path = SplashView;
			sourceTree = "<group>";
		};
		84F308F32AC9ADC200FBE579 /* Auth */ = {
			isa = PBXGroup;
			children = (
				84F308F12AC9AD9900FBE579 /* AuthViewController.swift */,
				84F308F42AC9AEC400FBE579 /* WebViewViewController.swift */,
				84F308F82ACB265600FBE579 /* WebViewViewControllerDelegateProtocol.swift */,
				84D9D0442ACDDA4A00BB556A /* AuthViewControllerDelegate.swift */,
			);
			path = Auth;
			sourceTree = "<group>";
		};
/* End PBXGroup section */

/* Begin PBXNativeTarget section */
		844A82A52A99FB9E0047778E /* ImageFeedYandexPracticum */ = {
			isa = PBXNativeTarget;
			buildConfigurationList = 844A82BA2A99FB9F0047778E /* Build configuration list for PBXNativeTarget "ImageFeedYandexPracticum" */;
			buildPhases = (
				844A82A22A99FB9E0047778E /* Sources */,
				844A82A32A99FB9E0047778E /* Frameworks */,
				844A82A42A99FB9E0047778E /* Resources */,
			);
			buildRules = (
			);
			dependencies = (
			);
			name = ImageFeedYandexPracticum;
			packageProductDependencies = (
				8413BF032AD2D5F3008DC7A9 /* ProgressHUD */,
				843F9D642AE16BDB001C58F3 /* Kingfisher */,
				843F9D672AE1787D001C58F3 /* SwiftKeychainWrapper */,
			);
			productName = ImageFeedYandexPracticum;
			productReference = 844A82A62A99FB9E0047778E /* ImageFeedYandexPracticum.app */;
			productType = "com.apple.product-type.application";
		};
/* End PBXNativeTarget section */

/* Begin PBXProject section */
		844A829E2A99FB9E0047778E /* Project object */ = {
			isa = PBXProject;
			attributes = {
				BuildIndependentTargetsInParallel = 1;
				LastSwiftUpdateCheck = 1430;
				LastUpgradeCheck = 1500;
				TargetAttributes = {
					844A82A52A99FB9E0047778E = {
						CreatedOnToolsVersion = 14.3.1;
					};
				};
			};
			buildConfigurationList = 844A82A12A99FB9E0047778E /* Build configuration list for PBXProject "ImageFeedYandexPracticum" */;
			compatibilityVersion = "Xcode 14.0";
			developmentRegion = en;
			hasScannedForEncodings = 0;
			knownRegions = (
				en,
				Base,
			);
			mainGroup = 844A829D2A99FB9E0047778E;
			packageReferences = (
				8413BF022AD2D5F3008DC7A9 /* XCRemoteSwiftPackageReference "ProgressHUD" */,
				843F9D632AE16BDB001C58F3 /* XCRemoteSwiftPackageReference "Kingfisher" */,
				843F9D662AE1787D001C58F3 /* XCRemoteSwiftPackageReference "SwiftKeychainWrapper" */,
			);
			productRefGroup = 844A82A72A99FB9E0047778E /* Products */;
			projectDirPath = "";
			projectRoot = "";
			targets = (
				844A82A52A99FB9E0047778E /* ImageFeedYandexPracticum */,
			);
		};
/* End PBXProject section */

/* Begin PBXResourcesBuildPhase section */
		844A82A42A99FB9E0047778E /* Resources */ = {
			isa = PBXResourcesBuildPhase;
			buildActionMask = 2147483647;
			files = (
				844A82B62A99FB9F0047778E /* LaunchScreen.storyboard in Resources */,
				844A82B32A99FB9F0047778E /* Assets.xcassets in Resources */,
				844A82B12A99FB9E0047778E /* Main.storyboard in Resources */,
			);
			runOnlyForDeploymentPostprocessing = 0;
		};
/* End PBXResourcesBuildPhase section */

/* Begin PBXSourcesBuildPhase section */
		844A82A22A99FB9E0047778E /* Sources */ = {
			isa = PBXSourcesBuildPhase;
			buildActionMask = 2147483647;
			files = (
				84D9D03D2ACDC7C200BB556A /* OAuth2TokenStorage.swift in Sources */,
				843F5CF32ADED99200D5BE50 /* Profile.swift in Sources */,
				843F5CF82ADF7A4500D5BE50 /* NetworkErrorChek.swift in Sources */,
				84F308F52AC9AEC400FBE579 /* WebViewViewController.swift in Sources */,
				84D9D03F2ACDCB2900BB556A /* OAuth2Service.swift in Sources */,
				84D9D0452ACDDA4A00BB556A /* AuthViewControllerDelegate.swift in Sources */,
				844A82AE2A99FB9E0047778E /* ImagesListViewController.swift in Sources */,
				84C2EFB72AC336AE000C5420 /* UIColorExtensions.swift in Sources */,
				843F9D622AE0CB74001C58F3 /* URLSessionExtension.swift in Sources */,
				843F9D6B2AE17E15001C58F3 /* TabBarController.swift in Sources */,
				84D9D0432ACDD45600BB556A /* SplashViewController.swift in Sources */,
				844A82DE2A9DBC040047778E /* ImagesListCell.swift in Sources */,
				84B39AFE2AB2B741008DD303 /* ProfileViewController.swift in Sources */,
				844A82AA2A99FB9E0047778E /* AppDelegate.swift in Sources */,
				84B3C6842ACF09EE00D5EC94 /* NetworkError.swift in Sources */,
				8485D8892ADD7C260097FFED /* ProfileService.swift in Sources */,
				84C6F53F2ABB4CCB00614923 /* SingleImageViewController.swift in Sources */,
				84F308F92ACB265600FBE579 /* WebViewViewControllerDelegateProtocol.swift in Sources */,
				843F5CF62ADF713500D5BE50 /* ProfileImageService.swift in Sources */,
				844A82AC2A99FB9E0047778E /* SceneDelegate.swift in Sources */,
				84F308F22AC9AD9900FBE579 /* AuthViewController.swift in Sources */,
				84F308F02AC9952C00FBE579 /* Constants.swift in Sources */,
				843F5CF12ADED95900D5BE50 /* ProfileResult.swift in Sources */,
				84F71B692ADC044300A76482 /* UIBlockingProgressHUD.swift in Sources */,
			);
			runOnlyForDeploymentPostprocessing = 0;
		};
/* End PBXSourcesBuildPhase section */

/* Begin PBXVariantGroup section */
		844A82AF2A99FB9E0047778E /* Main.storyboard */ = {
			isa = PBXVariantGroup;
			children = (
				844A82B02A99FB9E0047778E /* Base */,
			);
			name = Main.storyboard;
			sourceTree = "<group>";
		};
		844A82B42A99FB9F0047778E /* LaunchScreen.storyboard */ = {
			isa = PBXVariantGroup;
			children = (
				844A82B52A99FB9F0047778E /* Base */,
			);
			name = LaunchScreen.storyboard;
			sourceTree = "<group>";
		};
/* End PBXVariantGroup section */

/* Begin XCBuildConfiguration section */
		844A82B82A99FB9F0047778E /* Debug */ = {
			isa = XCBuildConfiguration;
			buildSettings = {
				ALWAYS_SEARCH_USER_PATHS = NO;
				CLANG_ANALYZER_NONNULL = YES;
				CLANG_ANALYZER_NUMBER_OBJECT_CONVERSION = YES_AGGRESSIVE;
				CLANG_CXX_LANGUAGE_STANDARD = "gnu++20";
				CLANG_ENABLE_MODULES = YES;
				CLANG_ENABLE_OBJC_ARC = YES;
				CLANG_ENABLE_OBJC_WEAK = YES;
				CLANG_WARN_BLOCK_CAPTURE_AUTORELEASING = YES;
				CLANG_WARN_BOOL_CONVERSION = YES;
				CLANG_WARN_COMMA = YES;
				CLANG_WARN_CONSTANT_CONVERSION = YES;
				CLANG_WARN_DEPRECATED_OBJC_IMPLEMENTATIONS = YES;
				CLANG_WARN_DIRECT_OBJC_ISA_USAGE = YES_ERROR;
				CLANG_WARN_DOCUMENTATION_COMMENTS = YES;
				CLANG_WARN_EMPTY_BODY = YES;
				CLANG_WARN_ENUM_CONVERSION = YES;
				CLANG_WARN_INFINITE_RECURSION = YES;
				CLANG_WARN_INT_CONVERSION = YES;
				CLANG_WARN_NON_LITERAL_NULL_CONVERSION = YES;
				CLANG_WARN_OBJC_IMPLICIT_RETAIN_SELF = YES;
				CLANG_WARN_OBJC_LITERAL_CONVERSION = YES;
				CLANG_WARN_OBJC_ROOT_CLASS = YES_ERROR;
				CLANG_WARN_QUOTED_INCLUDE_IN_FRAMEWORK_HEADER = YES;
				CLANG_WARN_RANGE_LOOP_ANALYSIS = YES;
				CLANG_WARN_STRICT_PROTOTYPES = YES;
				CLANG_WARN_SUSPICIOUS_MOVE = YES;
				CLANG_WARN_UNGUARDED_AVAILABILITY = YES_AGGRESSIVE;
				CLANG_WARN_UNREACHABLE_CODE = YES;
				CLANG_WARN__DUPLICATE_METHOD_MATCH = YES;
				COPY_PHASE_STRIP = NO;
				DEBUG_INFORMATION_FORMAT = dwarf;
				ENABLE_STRICT_OBJC_MSGSEND = YES;
				ENABLE_TESTABILITY = YES;
				ENABLE_USER_SCRIPT_SANDBOXING = YES;
				GCC_C_LANGUAGE_STANDARD = gnu11;
				GCC_DYNAMIC_NO_PIC = NO;
				GCC_NO_COMMON_BLOCKS = YES;
				GCC_OPTIMIZATION_LEVEL = 0;
				GCC_PREPROCESSOR_DEFINITIONS = (
					"DEBUG=1",
					"$(inherited)",
				);
				GCC_WARN_64_TO_32_BIT_CONVERSION = YES;
				GCC_WARN_ABOUT_RETURN_TYPE = YES_ERROR;
				GCC_WARN_UNDECLARED_SELECTOR = YES;
				GCC_WARN_UNINITIALIZED_AUTOS = YES_AGGRESSIVE;
				GCC_WARN_UNUSED_FUNCTION = YES;
				GCC_WARN_UNUSED_VARIABLE = YES;
				IPHONEOS_DEPLOYMENT_TARGET = 16.4;
				MTL_ENABLE_DEBUG_INFO = INCLUDE_SOURCE;
				MTL_FAST_MATH = YES;
				ONLY_ACTIVE_ARCH = YES;
				SDKROOT = iphoneos;
				SWIFT_ACTIVE_COMPILATION_CONDITIONS = DEBUG;
				SWIFT_OPTIMIZATION_LEVEL = "-Onone";
			};
			name = Debug;
		};
		844A82B92A99FB9F0047778E /* Release */ = {
			isa = XCBuildConfiguration;
			buildSettings = {
				ALWAYS_SEARCH_USER_PATHS = NO;
				CLANG_ANALYZER_NONNULL = YES;
				CLANG_ANALYZER_NUMBER_OBJECT_CONVERSION = YES_AGGRESSIVE;
				CLANG_CXX_LANGUAGE_STANDARD = "gnu++20";
				CLANG_ENABLE_MODULES = YES;
				CLANG_ENABLE_OBJC_ARC = YES;
				CLANG_ENABLE_OBJC_WEAK = YES;
				CLANG_WARN_BLOCK_CAPTURE_AUTORELEASING = YES;
				CLANG_WARN_BOOL_CONVERSION = YES;
				CLANG_WARN_COMMA = YES;
				CLANG_WARN_CONSTANT_CONVERSION = YES;
				CLANG_WARN_DEPRECATED_OBJC_IMPLEMENTATIONS = YES;
				CLANG_WARN_DIRECT_OBJC_ISA_USAGE = YES_ERROR;
				CLANG_WARN_DOCUMENTATION_COMMENTS = YES;
				CLANG_WARN_EMPTY_BODY = YES;
				CLANG_WARN_ENUM_CONVERSION = YES;
				CLANG_WARN_INFINITE_RECURSION = YES;
				CLANG_WARN_INT_CONVERSION = YES;
				CLANG_WARN_NON_LITERAL_NULL_CONVERSION = YES;
				CLANG_WARN_OBJC_IMPLICIT_RETAIN_SELF = YES;
				CLANG_WARN_OBJC_LITERAL_CONVERSION = YES;
				CLANG_WARN_OBJC_ROOT_CLASS = YES_ERROR;
				CLANG_WARN_QUOTED_INCLUDE_IN_FRAMEWORK_HEADER = YES;
				CLANG_WARN_RANGE_LOOP_ANALYSIS = YES;
				CLANG_WARN_STRICT_PROTOTYPES = YES;
				CLANG_WARN_SUSPICIOUS_MOVE = YES;
				CLANG_WARN_UNGUARDED_AVAILABILITY = YES_AGGRESSIVE;
				CLANG_WARN_UNREACHABLE_CODE = YES;
				CLANG_WARN__DUPLICATE_METHOD_MATCH = YES;
				COPY_PHASE_STRIP = NO;
				DEBUG_INFORMATION_FORMAT = "dwarf-with-dsym";
				ENABLE_NS_ASSERTIONS = NO;
				ENABLE_STRICT_OBJC_MSGSEND = YES;
				ENABLE_USER_SCRIPT_SANDBOXING = YES;
				GCC_C_LANGUAGE_STANDARD = gnu11;
				GCC_NO_COMMON_BLOCKS = YES;
				GCC_WARN_64_TO_32_BIT_CONVERSION = YES;
				GCC_WARN_ABOUT_RETURN_TYPE = YES_ERROR;
				GCC_WARN_UNDECLARED_SELECTOR = YES;
				GCC_WARN_UNINITIALIZED_AUTOS = YES_AGGRESSIVE;
				GCC_WARN_UNUSED_FUNCTION = YES;
				GCC_WARN_UNUSED_VARIABLE = YES;
				IPHONEOS_DEPLOYMENT_TARGET = 16.4;
				MTL_ENABLE_DEBUG_INFO = NO;
				MTL_FAST_MATH = YES;
				SDKROOT = iphoneos;
				SWIFT_COMPILATION_MODE = wholemodule;
				SWIFT_OPTIMIZATION_LEVEL = "-O";
				VALIDATE_PRODUCT = YES;
			};
			name = Release;
		};
		844A82BB2A99FB9F0047778E /* Debug */ = {
			isa = XCBuildConfiguration;
			buildSettings = {
				ASSETCATALOG_COMPILER_APPICON_NAME = AppIcon;
				ASSETCATALOG_COMPILER_GLOBAL_ACCENT_COLOR_NAME = AccentColor;
				CODE_SIGN_STYLE = Automatic;
				CURRENT_PROJECT_VERSION = 1;
				DEVELOPMENT_TEAM = VHDFTCABKC;
				GENERATE_INFOPLIST_FILE = YES;
				INFOPLIST_FILE = ImageFeedYandexPracticum/Info.plist;
				INFOPLIST_KEY_UIApplicationSupportsIndirectInputEvents = YES;
				INFOPLIST_KEY_UILaunchStoryboardName = LaunchScreen;
				INFOPLIST_KEY_UIMainStoryboardFile = Main;
				INFOPLIST_KEY_UISupportedInterfaceOrientations = UIInterfaceOrientationPortrait;
				INFOPLIST_KEY_UISupportedInterfaceOrientations_iPad = "UIInterfaceOrientationLandscapeLeft UIInterfaceOrientationLandscapeRight UIInterfaceOrientationPortrait UIInterfaceOrientationPortraitUpsideDown";
				IPHONEOS_DEPLOYMENT_TARGET = 13.0;
				LD_RUNPATH_SEARCH_PATHS = (
					"$(inherited)",
					"@executable_path/Frameworks",
				);
				MARKETING_VERSION = 1.0;
				PRODUCT_BUNDLE_IDENTIFIER = ru.EgorChekulaev.ImageFeedYandexPracticum;
				PRODUCT_NAME = "$(TARGET_NAME)";
				SUPPORTED_PLATFORMS = "iphoneos iphonesimulator";
				SUPPORTS_MACCATALYST = NO;
				SUPPORTS_MAC_DESIGNED_FOR_IPHONE_IPAD = YES;
				SWIFT_EMIT_LOC_STRINGS = YES;
				SWIFT_VERSION = 5.0;
				TARGETED_DEVICE_FAMILY = 1;
			};
			name = Debug;
		};
		844A82BC2A99FB9F0047778E /* Release */ = {
			isa = XCBuildConfiguration;
			buildSettings = {
				ASSETCATALOG_COMPILER_APPICON_NAME = AppIcon;
				ASSETCATALOG_COMPILER_GLOBAL_ACCENT_COLOR_NAME = AccentColor;
				CODE_SIGN_STYLE = Automatic;
				CURRENT_PROJECT_VERSION = 1;
				DEVELOPMENT_TEAM = VHDFTCABKC;
				GENERATE_INFOPLIST_FILE = YES;
				INFOPLIST_FILE = ImageFeedYandexPracticum/Info.plist;
				INFOPLIST_KEY_UIApplicationSupportsIndirectInputEvents = YES;
				INFOPLIST_KEY_UILaunchStoryboardName = LaunchScreen;
				INFOPLIST_KEY_UIMainStoryboardFile = Main;
				INFOPLIST_KEY_UISupportedInterfaceOrientations = UIInterfaceOrientationPortrait;
				INFOPLIST_KEY_UISupportedInterfaceOrientations_iPad = "UIInterfaceOrientationLandscapeLeft UIInterfaceOrientationLandscapeRight UIInterfaceOrientationPortrait UIInterfaceOrientationPortraitUpsideDown";
				IPHONEOS_DEPLOYMENT_TARGET = 13.0;
				LD_RUNPATH_SEARCH_PATHS = (
					"$(inherited)",
					"@executable_path/Frameworks",
				);
				MARKETING_VERSION = 1.0;
				PRODUCT_BUNDLE_IDENTIFIER = ru.EgorChekulaev.ImageFeedYandexPracticum;
				PRODUCT_NAME = "$(TARGET_NAME)";
				SUPPORTED_PLATFORMS = "iphoneos iphonesimulator";
				SUPPORTS_MACCATALYST = NO;
				SUPPORTS_MAC_DESIGNED_FOR_IPHONE_IPAD = YES;
				SWIFT_EMIT_LOC_STRINGS = YES;
				SWIFT_VERSION = 5.0;
				TARGETED_DEVICE_FAMILY = 1;
			};
			name = Release;
		};
/* End XCBuildConfiguration section */

/* Begin XCConfigurationList section */
		844A82A12A99FB9E0047778E /* Build configuration list for PBXProject "ImageFeedYandexPracticum" */ = {
			isa = XCConfigurationList;
			buildConfigurations = (
				844A82B82A99FB9F0047778E /* Debug */,
				844A82B92A99FB9F0047778E /* Release */,
			);
			defaultConfigurationIsVisible = 0;
			defaultConfigurationName = Release;
		};
		844A82BA2A99FB9F0047778E /* Build configuration list for PBXNativeTarget "ImageFeedYandexPracticum" */ = {
			isa = XCConfigurationList;
			buildConfigurations = (
				844A82BB2A99FB9F0047778E /* Debug */,
				844A82BC2A99FB9F0047778E /* Release */,
			);
			defaultConfigurationIsVisible = 0;
			defaultConfigurationName = Release;
		};
/* End XCConfigurationList section */

/* Begin XCRemoteSwiftPackageReference section */
		8413BF022AD2D5F3008DC7A9 /* XCRemoteSwiftPackageReference "ProgressHUD" */ = {
			isa = XCRemoteSwiftPackageReference;
			repositoryURL = "https://github.com/relatedcode/ProgressHUD.git";
			requirement = {
				kind = upToNextMajorVersion;
				minimumVersion = 13.8.4;
			};
		};
		843F9D632AE16BDB001C58F3 /* XCRemoteSwiftPackageReference "Kingfisher" */ = {
			isa = XCRemoteSwiftPackageReference;
			repositoryURL = "https://github.com/onevcat/Kingfisher.git";
			requirement = {
				kind = upToNextMajorVersion;
				minimumVersion = 7.9.1;
			};
		};
		843F9D662AE1787D001C58F3 /* XCRemoteSwiftPackageReference "SwiftKeychainWrapper" */ = {
			isa = XCRemoteSwiftPackageReference;
			repositoryURL = "https://github.com/jrendel/SwiftKeychainWrapper.git";
			requirement = {
				kind = upToNextMajorVersion;
				minimumVersion = 4.0.1;
			};
		};
/* End XCRemoteSwiftPackageReference section */

/* Begin XCSwiftPackageProductDependency section */
		8413BF032AD2D5F3008DC7A9 /* ProgressHUD */ = {
			isa = XCSwiftPackageProductDependency;
			package = 8413BF022AD2D5F3008DC7A9 /* XCRemoteSwiftPackageReference "ProgressHUD" */;
			productName = ProgressHUD;
		};
		843F9D642AE16BDB001C58F3 /* Kingfisher */ = {
			isa = XCSwiftPackageProductDependency;
			package = 843F9D632AE16BDB001C58F3 /* XCRemoteSwiftPackageReference "Kingfisher" */;
			productName = Kingfisher;
		};
		843F9D672AE1787D001C58F3 /* SwiftKeychainWrapper */ = {
			isa = XCSwiftPackageProductDependency;
			package = 843F9D662AE1787D001C58F3 /* XCRemoteSwiftPackageReference "SwiftKeychainWrapper" */;
			productName = SwiftKeychainWrapper;
		};
/* End XCSwiftPackageProductDependency section */
	};
	rootObject = 844A829E2A99FB9E0047778E /* Project object */;
}
